
Microsoft Visual Studio Solution File, Format Version 12.00
# Visual Studio Version 16
VisualStudioVersion = 16.0.31729.503
MinimumVisualStudioVersion = 10.0.40219.1
Project("{9A19103F-16F7-4668-BE54-9A1E7A4F7556}") = "PartyInvites", "PartyInvites.csproj", "{A2C556AF-5BE2-4D49-A634-1747D69A33BD}"
EndProject
Global
	GlobalSection(SolutionConfigurationPlatforms) = preSolution
		Debug|Any CPU = Debug|Any CPU
		Release|Any CPU = Release|Any CPU
	EndGlobalSection
	GlobalSection(ProjectConfigurationPlatforms) = postSolution
		{A2C556AF-5BE2-4D49-A634-1747D69A33BD}.Debug|Any CPU.ActiveCfg = Debug|Any CPU
		{A2C556AF-5BE2-4D49-A634-1747D69A33BD}.Debug|Any CPU.Build.0 = Debug|Any CPU
		{A2C556AF-5BE2-4D49-A634-1747D69A33BD}.Release|Any CPU.ActiveCfg = Release|Any CPU
		{A2C556AF-5BE2-4D49-A634-1747D69A33BD}.Release|Any CPU.Build.0 = Release|Any CPU
	EndGlobalSection
	GlobalSection(SolutionProperties) = preSolution
		HideSolutionNode = FALSE
	EndGlobalSection
	GlobalSection(ExtensibilityGlobals) = postSolution
		SolutionGuid = {966A25B6-2223-4E77-92D8-BEF4F3F60EC3}
	EndGlobalSection
EndGlobal
